
Microsoft Visual Studio Solution File, Format Version 12.00
# Visual Studio 14
VisualStudioVersion = 14.0.23107.0
MinimumVisualStudioVersion = 14.0.23107.0
Project("{FAE04EC0-301F-11D3-BF4B-00C04F79EFBC}") = "Sample", "Sample\Sample.csproj", "{3C85DF45-2AE0-4EBD-96E1-6148C1E1DDD9}"
EndProject
Project("{FAE04EC0-301F-11D3-BF4B-00C04F79EFBC}") = "Dehydrator.Core", "Dehydrator.Core\Dehydrator.Core.csproj", "{45ACF899-0359-4976-9336-BE72759CE578}"
EndProject
Project("{FAE04EC0-301F-11D3-BF4B-00C04F79EFBC}") = "Dehydrator", "Dehydrator\Dehydrator.csproj", "{DB9E2BF4-179C-4BD5-A0C8-1B4758D11CA4}"
EndProject
Project("{FAE04EC0-301F-11D3-BF4B-00C04F79EFBC}") = "Dehydrator.EntityFramework", "Dehydrator.EntityFramework\Dehydrator.EntityFramework.csproj", "{63A4C204-ECA0-446E-B461-064413200072}"
EndProject
Project("{FAE04EC0-301F-11D3-BF4B-00C04F79EFBC}") = "Dehydrator.EntityFramework.Unity", "Dehydrator.EntityFramework.Unity\Dehydrator.EntityFramework.Unity.csproj", "{65D48E97-7CE9-4747-ABF3-9660E90605FD}"
EndProject
Project("{FAE04EC0-301F-11D3-BF4B-00C04F79EFBC}") = "Dehydrator.WebApi", "Dehydrator.WebApi\Dehydrator.WebApi.csproj", "{368ABA94-AA57-482E-B696-1C104EB57BD6}"
EndProject
Project("{FAE04EC0-301F-11D3-BF4B-00C04F79EFBC}") = "UnitTests", "UnitTests\UnitTests.csproj", "{1C898342-B01A-44A0-81FB-EC09FA2982E4}"
EndProject
Global
	GlobalSection(SolutionConfigurationPlatforms) = preSolution
		Debug|Any CPU = Debug|Any CPU
		Release|Any CPU = Release|Any CPU
	EndGlobalSection
	GlobalSection(ProjectConfigurationPlatforms) = postSolution
		{3C85DF45-2AE0-4EBD-96E1-6148C1E1DDD9}.Debug|Any CPU.ActiveCfg = Debug|Any CPU
		{3C85DF45-2AE0-4EBD-96E1-6148C1E1DDD9}.Debug|Any CPU.Build.0 = Debug|Any CPU
		{3C85DF45-2AE0-4EBD-96E1-6148C1E1DDD9}.Release|Any CPU.ActiveCfg = Release|Any CPU
		{3C85DF45-2AE0-4EBD-96E1-6148C1E1DDD9}.Release|Any CPU.Build.0 = Release|Any CPU
		{45ACF899-0359-4976-9336-BE72759CE578}.Debug|Any CPU.ActiveCfg = Debug|Any CPU
		{45ACF899-0359-4976-9336-BE72759CE578}.Debug|Any CPU.Build.0 = Debug|Any CPU
		{45ACF899-0359-4976-9336-BE72759CE578}.Release|Any CPU.ActiveCfg = Release|Any CPU
		{45ACF899-0359-4976-9336-BE72759CE578}.Release|Any CPU.Build.0 = Release|Any CPU
		{63A4C204-ECA0-446E-B461-064413200072}.Debug|Any CPU.ActiveCfg = Debug|Any CPU
		{63A4C204-ECA0-446E-B461-064413200072}.Debug|Any CPU.Build.0 = Debug|Any CPU
		{63A4C204-ECA0-446E-B461-064413200072}.Release|Any CPU.ActiveCfg = Release|Any CPU
		{63A4C204-ECA0-446E-B461-064413200072}.Release|Any CPU.Build.0 = Release|Any CPU
		{65D48E97-7CE9-4747-ABF3-9660E90605FD}.Debug|Any CPU.ActiveCfg = Debug|Any CPU
		{65D48E97-7CE9-4747-ABF3-9660E90605FD}.Debug|Any CPU.Build.0 = Debug|Any CPU
		{65D48E97-7CE9-4747-ABF3-9660E90605FD}.Release|Any CPU.ActiveCfg = Release|Any CPU
		{65D48E97-7CE9-4747-ABF3-9660E90605FD}.Release|Any CPU.Build.0 = Release|Any CPU
		{DB9E2BF4-179C-4BD5-A0C8-1B4758D11CA4}.Debug|Any CPU.ActiveCfg = Debug|Any CPU
		{DB9E2BF4-179C-4BD5-A0C8-1B4758D11CA4}.Debug|Any CPU.Build.0 = Debug|Any CPU
		{DB9E2BF4-179C-4BD5-A0C8-1B4758D11CA4}.Release|Any CPU.ActiveCfg = Release|Any CPU
		{DB9E2BF4-179C-4BD5-A0C8-1B4758D11CA4}.Release|Any CPU.Build.0 = Release|Any CPU
		{368ABA94-AA57-482E-B696-1C104EB57BD6}.Debug|Any CPU.ActiveCfg = Debug|Any CPU
		{368ABA94-AA57-482E-B696-1C104EB57BD6}.Debug|Any CPU.Build.0 = Debug|Any CPU
		{368ABA94-AA57-482E-B696-1C104EB57BD6}.Release|Any CPU.ActiveCfg = Release|Any CPU
		{368ABA94-AA57-482E-B696-1C104EB57BD6}.Release|Any CPU.Build.0 = Release|Any CPU
		{1C898342-B01A-44A0-81FB-EC09FA2982E4}.Debug|Any CPU.ActiveCfg = Debug|Any CPU
		{1C898342-B01A-44A0-81FB-EC09FA2982E4}.Debug|Any CPU.Build.0 = Debug|Any CPU
		{1C898342-B01A-44A0-81FB-EC09FA2982E4}.Release|Any CPU.ActiveCfg = Release|Any CPU
		{1C898342-B01A-44A0-81FB-EC09FA2982E4}.Release|Any CPU.Build.0 = Release|Any CPU
	EndGlobalSection
	GlobalSection(SolutionProperties) = preSolution
		HideSolutionNode = FALSE
	EndGlobalSection
EndGlobal
